
Microsoft Visual Studio Solution File, Format Version 12.00
# Visual Studio 15
VisualStudioVersion = 15.0.28307.168
MinimumVisualStudioVersion = 10.0.40219.1
Project("{FAE04EC0-301F-11D3-BF4B-00C04F79EFBC}") = "Beacon", "Beacon\Beacon.csproj", "{AAAB8D9F-3768-4504-A032-481EAE3F5F7B}"
EndProject
Global
	GlobalSection(SolutionConfigurationPlatforms) = preSolution
		Debug|Any CPU = Debug|Any CPU
		Release|Any CPU = Release|Any CPU
	EndGlobalSection
	GlobalSection(ProjectConfigurationPlatforms) = postSolution
		{AAAB8D9F-3768-4504-A032-481EAE3F5F7B}.Debug|Any CPU.ActiveCfg = Debug|Any CPU
		{AAAB8D9F-3768-4504-A032-481EAE3F5F7B}.Debug|Any CPU.Build.0 = Debug|Any CPU
		{AAAB8D9F-3768-4504-A032-481EAE3F5F7B}.Release|Any CPU.ActiveCfg = Release|Any CPU
		{AAAB8D9F-3768-4504-A032-481EAE3F5F7B}.Release|Any CPU.Build.0 = Release|Any CPU
	EndGlobalSection
	GlobalSection(SolutionProperties) = preSolution
		HideSolutionNode = FALSE
	EndGlobalSection
	GlobalSection(ExtensibilityGlobals) = postSolution
		SolutionGuid = {A069B2C7-8A90-4050-9A1D-466EC9BC7293}
	EndGlobalSection
EndGlobal
